
Microsoft Visual Studio Solution File, Format Version 12.00
Project("{2150E333-8FDC-42A3-9474-1A3956D46DE8}") = "WebAPI", "WebAPI", "{18049CA7-C85F-418F-A90E-289B802A6266}"
EndProject
Project("{2150E333-8FDC-42A3-9474-1A3956D46DE8}") = "Client", "Client", "{079E821F-1A0F-49B1-A0E6-8E8938C42339}"
EndProject
Project("{FAE04EC0-301F-11D3-BF4B-00C04F79EFBC}") = "Client", "Client\Client.csproj", "{35462271-17A1-4F7B-BBC6-B66293792E60}"
EndProject
Global
	GlobalSection(SolutionConfigurationPlatforms) = preSolution
		Debug|Any CPU = Debug|Any CPU
		Release|Any CPU = Release|Any CPU
	EndGlobalSection
	GlobalSection(NestedProjects) = preSolution
		{35462271-17A1-4F7B-BBC6-B66293792E60} = {079E821F-1A0F-49B1-A0E6-8E8938C42339}
	EndGlobalSection
	GlobalSection(ProjectConfigurationPlatforms) = postSolution
		{35462271-17A1-4F7B-BBC6-B66293792E60}.Debug|Any CPU.ActiveCfg = Debug|Any CPU
		{35462271-17A1-4F7B-BBC6-B66293792E60}.Debug|Any CPU.Build.0 = Debug|Any CPU
		{35462271-17A1-4F7B-BBC6-B66293792E60}.Release|Any CPU.ActiveCfg = Release|Any CPU
		{35462271-17A1-4F7B-BBC6-B66293792E60}.Release|Any CPU.Build.0 = Release|Any CPU
	EndGlobalSection
EndGlobal
