
Microsoft Visual Studio Solution File, Format Version 12.00
Project("{FAE04EC0-301F-11D3-BF4B-00C04F79EFBC}") = "ServiceLayer", "ServiceLayer\ServiceLayer.csproj", "{A59C608F-9DFF-42EA-8DDB-34B445C40CC3}"
EndProject
Project("{FAE04EC0-301F-11D3-BF4B-00C04F79EFBC}") = "Shared", "Shared\Shared.csproj", "{6D556390-933B-49E6-BBBC-132A31C1CE3A}"
EndProject
Project("{FAE04EC0-301F-11D3-BF4B-00C04F79EFBC}") = "BlazorUI", "BlazorUI\BlazorUI.csproj", "{3A8700AB-8D94-4AE3-B611-44DA8FB33752}"
EndProject
Project("{FAE04EC0-301F-11D3-BF4B-00C04F79EFBC}") = "TestBlazorApp", "TestBlazorApp\TestBlazorApp.csproj", "{5DCCF4C7-55B7-411F-937E-B946B24D5E88}"
EndProject
Global
	GlobalSection(SolutionConfigurationPlatforms) = preSolution
		Debug|Any CPU = Debug|Any CPU
		Release|Any CPU = Release|Any CPU
	EndGlobalSection
	GlobalSection(NestedProjects) = preSolution
	EndGlobalSection
	GlobalSection(ProjectConfigurationPlatforms) = postSolution
		{A59C608F-9DFF-42EA-8DDB-34B445C40CC3}.Debug|Any CPU.ActiveCfg = Debug|Any CPU
		{A59C608F-9DFF-42EA-8DDB-34B445C40CC3}.Debug|Any CPU.Build.0 = Debug|Any CPU
		{A59C608F-9DFF-42EA-8DDB-34B445C40CC3}.Release|Any CPU.ActiveCfg = Release|Any CPU
		{A59C608F-9DFF-42EA-8DDB-34B445C40CC3}.Release|Any CPU.Build.0 = Release|Any CPU
		{6D556390-933B-49E6-BBBC-132A31C1CE3A}.Debug|Any CPU.ActiveCfg = Debug|Any CPU
		{6D556390-933B-49E6-BBBC-132A31C1CE3A}.Debug|Any CPU.Build.0 = Debug|Any CPU
		{6D556390-933B-49E6-BBBC-132A31C1CE3A}.Release|Any CPU.ActiveCfg = Release|Any CPU
		{6D556390-933B-49E6-BBBC-132A31C1CE3A}.Release|Any CPU.Build.0 = Release|Any CPU
		{3A8700AB-8D94-4AE3-B611-44DA8FB33752}.Debug|Any CPU.ActiveCfg = Debug|Any CPU
		{3A8700AB-8D94-4AE3-B611-44DA8FB33752}.Debug|Any CPU.Build.0 = Debug|Any CPU
		{3A8700AB-8D94-4AE3-B611-44DA8FB33752}.Release|Any CPU.ActiveCfg = Release|Any CPU
		{3A8700AB-8D94-4AE3-B611-44DA8FB33752}.Release|Any CPU.Build.0 = Release|Any CPU
		{5DCCF4C7-55B7-411F-937E-B946B24D5E88}.Debug|Any CPU.ActiveCfg = Debug|Any CPU
		{5DCCF4C7-55B7-411F-937E-B946B24D5E88}.Debug|Any CPU.Build.0 = Debug|Any CPU
		{5DCCF4C7-55B7-411F-937E-B946B24D5E88}.Release|Any CPU.ActiveCfg = Release|Any CPU
		{5DCCF4C7-55B7-411F-937E-B946B24D5E88}.Release|Any CPU.Build.0 = Release|Any CPU
	EndGlobalSection
EndGlobal
